
Microsoft Visual Studio Solution File, Format Version 12.00
# Visual Studio Version 16
VisualStudioVersion = 16.0.31911.196
MinimumVisualStudioVersion = 10.0.40219.1
Project("{FAE04EC0-301F-11D3-BF4B-00C04F79EFBC}") = "KatBarberShop", "KatBarberShop.csproj", "{E900860C-20AA-4531-B3E9-E7E7C46D00D1}"
EndProject
Global
	GlobalSection(SolutionConfigurationPlatforms) = preSolution
		Debug|Any CPU = Debug|Any CPU
		Release|Any CPU = Release|Any CPU
	EndGlobalSection
	GlobalSection(ProjectConfigurationPlatforms) = postSolution
		{E900860C-20AA-4531-B3E9-E7E7C46D00D1}.Debug|Any CPU.ActiveCfg = Debug|Any CPU
		{E900860C-20AA-4531-B3E9-E7E7C46D00D1}.Debug|Any CPU.Build.0 = Debug|Any CPU
		{E900860C-20AA-4531-B3E9-E7E7C46D00D1}.Release|Any CPU.ActiveCfg = Release|Any CPU
		{E900860C-20AA-4531-B3E9-E7E7C46D00D1}.Release|Any CPU.Build.0 = Release|Any CPU
	EndGlobalSection
	GlobalSection(SolutionProperties) = preSolution
		HideSolutionNode = FALSE
	EndGlobalSection
	GlobalSection(ExtensibilityGlobals) = postSolution
		SolutionGuid = {78C5AA25-2C37-4EAF-91AE-05DB2419E3DB}
	EndGlobalSection
EndGlobal
